
Microsoft Visual Studio Solution File, Format Version 12.00
# Visual Studio Version 16
VisualStudioVersion = 16.0.30907.101
MinimumVisualStudioVersion = 10.0.40219.1
Project("{FAE04EC0-301F-11D3-BF4B-00C04F79EFBC}") = "SolvedProblemReducingDishes", "SolvedProblemReducingDishes\SolvedProblemReducingDishes.csproj", "{3E60FEEB-5F1D-45A0-9410-D9E30D15F4C7}"
EndProject
Global
	GlobalSection(SolutionConfigurationPlatforms) = preSolution
		Debug|Any CPU = Debug|Any CPU
		Release|Any CPU = Release|Any CPU
	EndGlobalSection
	GlobalSection(ProjectConfigurationPlatforms) = postSolution
		{3E60FEEB-5F1D-45A0-9410-D9E30D15F4C7}.Debug|Any CPU.ActiveCfg = Debug|Any CPU
		{3E60FEEB-5F1D-45A0-9410-D9E30D15F4C7}.Debug|Any CPU.Build.0 = Debug|Any CPU
		{3E60FEEB-5F1D-45A0-9410-D9E30D15F4C7}.Release|Any CPU.ActiveCfg = Release|Any CPU
		{3E60FEEB-5F1D-45A0-9410-D9E30D15F4C7}.Release|Any CPU.Build.0 = Release|Any CPU
	EndGlobalSection
	GlobalSection(SolutionProperties) = preSolution
		HideSolutionNode = FALSE
	EndGlobalSection
	GlobalSection(ExtensibilityGlobals) = postSolution
		SolutionGuid = {425E84AB-338C-4792-A7C7-81196E75F5AE}
	EndGlobalSection
EndGlobal
